
Microsoft Visual Studio Solution File, Format Version 12.00
Project("{FAE04EC0-301F-11D3-BF4B-00C04F79EFBC}") = "FactoryMethod", "FactoryMethod\FactoryMethod.csproj", "{BE7AFE72-4498-494C-8E1C-22D2A790542E}"
EndProject
Project("{FAE04EC0-301F-11D3-BF4B-00C04F79EFBC}") = "AbstractFactory", "AbstractFactory\AbstractFactory.csproj", "{5CFF04D3-41F2-4208-A63B-23F8E2F409E1}"
EndProject
Global
	GlobalSection(SolutionConfigurationPlatforms) = preSolution
		Debug|Any CPU = Debug|Any CPU
		Release|Any CPU = Release|Any CPU
	EndGlobalSection
	GlobalSection(ProjectConfigurationPlatforms) = postSolution
		{BE7AFE72-4498-494C-8E1C-22D2A790542E}.Debug|Any CPU.ActiveCfg = Debug|Any CPU
		{BE7AFE72-4498-494C-8E1C-22D2A790542E}.Debug|Any CPU.Build.0 = Debug|Any CPU
		{BE7AFE72-4498-494C-8E1C-22D2A790542E}.Release|Any CPU.ActiveCfg = Release|Any CPU
		{BE7AFE72-4498-494C-8E1C-22D2A790542E}.Release|Any CPU.Build.0 = Release|Any CPU
		{5CFF04D3-41F2-4208-A63B-23F8E2F409E1}.Debug|Any CPU.ActiveCfg = Debug|Any CPU
		{5CFF04D3-41F2-4208-A63B-23F8E2F409E1}.Debug|Any CPU.Build.0 = Debug|Any CPU
		{5CFF04D3-41F2-4208-A63B-23F8E2F409E1}.Release|Any CPU.ActiveCfg = Release|Any CPU
		{5CFF04D3-41F2-4208-A63B-23F8E2F409E1}.Release|Any CPU.Build.0 = Release|Any CPU
	EndGlobalSection
EndGlobal
